
Microsoft Visual Studio Solution File, Format Version 12.00
# Visual Studio Version 16
VisualStudioVersion = 16.0.29709.97
MinimumVisualStudioVersion = 10.0.40219.1
Project("{2150E333-8FDC-42A3-9474-1A3956D46DE8}") = "Docs", "Docs", "{B5EE1756-7EC0-4EEB-81AB-95AD1236DEB1}"
	ProjectSection(SolutionItems) = preProject
		README.md = README.md
	EndProjectSection
EndProject
Project("{2150E333-8FDC-42A3-9474-1A3956D46DE8}") = "Build", "Build", "{AEA3C379-8729-43AB-A786-275794E9B424}"
	ProjectSection(SolutionItems) = preProject
		build\publish-exe.ps1 = build\publish-exe.ps1
	EndProjectSection
EndProject
Project("{9A19103F-16F7-4668-BE54-9A1E7A4F7556}") = "ByteDev.DotNet.SolutionViewer", "src\ByteDev.DotNet.SolutionViewer\ByteDev.DotNet.SolutionViewer.csproj", "{ED53E809-7589-48DF-8F31-5CE0D3F79E59}"
EndProject
Global
	GlobalSection(SolutionConfigurationPlatforms) = preSolution
		Debug|Any CPU = Debug|Any CPU
		Release|Any CPU = Release|Any CPU
	EndGlobalSection
	GlobalSection(ProjectConfigurationPlatforms) = postSolution
		{ED53E809-7589-48DF-8F31-5CE0D3F79E59}.Debug|Any CPU.ActiveCfg = Debug|Any CPU
		{ED53E809-7589-48DF-8F31-5CE0D3F79E59}.Debug|Any CPU.Build.0 = Debug|Any CPU
		{ED53E809-7589-48DF-8F31-5CE0D3F79E59}.Release|Any CPU.ActiveCfg = Release|Any CPU
		{ED53E809-7589-48DF-8F31-5CE0D3F79E59}.Release|Any CPU.Build.0 = Release|Any CPU
	EndGlobalSection
	GlobalSection(SolutionProperties) = preSolution
		HideSolutionNode = FALSE
	EndGlobalSection
	GlobalSection(ExtensibilityGlobals) = postSolution
		SolutionGuid = {B8A28801-43E5-4023-8551-9A60505E2E93}
	EndGlobalSection
EndGlobal
